
Microsoft Visual Studio Solution File, Format Version 12.00
# Visual Studio 15
VisualStudioVersion = 15.0.28306.52
MinimumVisualStudioVersion = 10.0.40219.1
Project("{8BC9CEB8-8B4A-11D0-8D11-00A0C91BC942}") = "TOD_hook", "TOD_tools\TOD_tools.vcxproj", "{518D090C-BA7C-4436-9FB5-0EFCB8F9DAB7}"
EndProject
Project("{8BC9CEB8-8B4A-11D0-8D11-00A0C91BC942}") = "TOD_scriptdatabase_coder", "TOD_scriptdatabase_coder\TOD_scriptdatabase_coder.vcxproj", "{0E3B838C-D11E-41A8-8AE4-97EBAEE94F87}"
EndProject
Global
	GlobalSection(SolutionConfigurationPlatforms) = preSolution
		Debug|Win32 = Debug|Win32
		Debug|x64 = Debug|x64
		Release|Win32 = Release|Win32
		Release|x64 = Release|x64
	EndGlobalSection
	GlobalSection(ProjectConfigurationPlatforms) = postSolution
		{518D090C-BA7C-4436-9FB5-0EFCB8F9DAB7}.Debug|Win32.ActiveCfg = Debug|Win32
		{518D090C-BA7C-4436-9FB5-0EFCB8F9DAB7}.Debug|Win32.Build.0 = Debug|Win32
		{518D090C-BA7C-4436-9FB5-0EFCB8F9DAB7}.Debug|x64.ActiveCfg = Debug|Win32
		{518D090C-BA7C-4436-9FB5-0EFCB8F9DAB7}.Release|Win32.ActiveCfg = Release|Win32
		{518D090C-BA7C-4436-9FB5-0EFCB8F9DAB7}.Release|Win32.Build.0 = Release|Win32
		{518D090C-BA7C-4436-9FB5-0EFCB8F9DAB7}.Release|x64.ActiveCfg = Release|Win32
		{0E3B838C-D11E-41A8-8AE4-97EBAEE94F87}.Debug|Win32.ActiveCfg = Debug|Win32
		{0E3B838C-D11E-41A8-8AE4-97EBAEE94F87}.Debug|Win32.Build.0 = Debug|Win32
		{0E3B838C-D11E-41A8-8AE4-97EBAEE94F87}.Debug|x64.ActiveCfg = Debug|x64
		{0E3B838C-D11E-41A8-8AE4-97EBAEE94F87}.Debug|x64.Build.0 = Debug|x64
		{0E3B838C-D11E-41A8-8AE4-97EBAEE94F87}.Release|Win32.ActiveCfg = Release|Win32
		{0E3B838C-D11E-41A8-8AE4-97EBAEE94F87}.Release|Win32.Build.0 = Release|Win32
		{0E3B838C-D11E-41A8-8AE4-97EBAEE94F87}.Release|x64.ActiveCfg = Release|x64
		{0E3B838C-D11E-41A8-8AE4-97EBAEE94F87}.Release|x64.Build.0 = Release|x64
	EndGlobalSection
	GlobalSection(SolutionProperties) = preSolution
		HideSolutionNode = FALSE
	EndGlobalSection
	GlobalSection(ExtensibilityGlobals) = postSolution
		SolutionGuid = {F35263AC-29D0-4B07-9773-6D306DB5EC14}
	EndGlobalSection
EndGlobal
