<?xml version="1.0" encoding="utf-8"?>
<Project ToolsVersion="4.0" xmlns="http://schemas.microsoft.com/developer/msbuild/2003">
  <ItemGroup>
    <Filter Include="Source files">
      <UniqueIdentifier>{4FC737F1-C7A5-4376-A066-2A32D752A2FF}</UniqueIdentifier>
      <Extensions>cpp;c;cc;cxx;def;odl;idl;hpj;bat;asm;asmx</Extensions>
    </Filter>
    <Filter Include="Header files">
      <UniqueIdentifier>{93995380-89BD-4b04-88EB-625FBE52EBFB}</UniqueIdentifier>
      <Extensions>h;hpp;hxx;hm;inl;inc;xsd</Extensions>
    </Filter>
    <Filter Include="Header files\KapowSystems">
      <UniqueIdentifier>{43dd2708-429d-40b1-ba35-3f9426f3895f}</UniqueIdentifier>
    </Filter>
    <Filter Include="Header files\KapowSystems\Scripting">
      <UniqueIdentifier>{e8edcccd-49ea-459e-9323-6a5c34a03461}</UniqueIdentifier>
    </Filter>
    <Filter Include="Header files\KapowSystems\Input">
      <UniqueIdentifier>{95943a69-d047-4a4f-9418-7db9b00170b1}</UniqueIdentifier>
    </Filter>
    <Filter Include="Header files\KapowSystems\Memory">
      <UniqueIdentifier>{fafee682-83f1-4c63-a0cb-d58bc131582e}</UniqueIdentifier>
    </Filter>
    <Filter Include="Header files\KapowSystems\Audio">
      <UniqueIdentifier>{7d14dada-6968-49da-af83-0b7bb9683ce5}</UniqueIdentifier>
    </Filter>
    <Filter Include="Header files\KapowSystems\Render">
      <UniqueIdentifier>{be7fba1d-6d99-4732-b625-55b547b33abf}</UniqueIdentifier>
    </Filter>
    <Filter Include="Header files\KapowSystems\System">
      <UniqueIdentifier>{f54a249d-93fd-47e8-92ce-3ac29bc99616}</UniqueIdentifier>
    </Filter>
    <Filter Include="Source files\KapowSystems">
      <UniqueIdentifier>{d8108170-fd6b-406e-b404-2f344662c882}</UniqueIdentifier>
    </Filter>
    <Filter Include="Source files\KapowSystems\Scripting">
      <UniqueIdentifier>{d7d51f51-6951-4c47-96a1-8cac1b72282a}</UniqueIdentifier>
    </Filter>
    <Filter Include="Source files\KapowSystems\System">
      <UniqueIdentifier>{dd729f5e-9c12-4862-9b43-458966d18888}</UniqueIdentifier>
    </Filter>
    <Filter Include="Source files\KapowSystems\Render">
      <UniqueIdentifier>{41d072e6-c5df-450f-b45d-9480f448061b}</UniqueIdentifier>
    </Filter>
    <Filter Include="Source files\KapowSystems\Input">
      <UniqueIdentifier>{44f5fe70-91a7-4fc5-9c2a-e6fbe68ebe9a}</UniqueIdentifier>
    </Filter>
    <Filter Include="Source files\KapowSystems\Memory">
      <UniqueIdentifier>{689dd6eb-999a-4f73-8b00-2fb8e8fd2c98}</UniqueIdentifier>
    </Filter>
    <Filter Include="Source files\KapowSystems\Audio">
      <UniqueIdentifier>{0fc35c56-f67b-4152-b5e8-af51a2e268e2}</UniqueIdentifier>
    </Filter>
  </ItemGroup>
  <ItemGroup>
    <ClInclude Include="stdafx.h">
      <Filter>Header files</Filter>
    </ClInclude>
    <ClInclude Include="InputGameController.h">
      <Filter>Header files\KapowSystems\Input</Filter>
    </ClInclude>
    <ClInclude Include="InputKeyboard.h">
      <Filter>Header files\KapowSystems\Input</Filter>
    </ClInclude>
    <ClInclude Include="InputMouse.h">
      <Filter>Header files\KapowSystems\Input</Filter>
    </ClInclude>
    <ClInclude Include="GfxInternal_Dx9.h">
      <Filter>Header files\KapowSystems\Render</Filter>
    </ClInclude>
    <ClInclude Include="StreamedSoundBuffers.h">
      <Filter>Header files\KapowSystems\Audio</Filter>
    </ClInclude>
    <ClInclude Include="MemoryAllocators.h">
      <Filter>Header files\KapowSystems\Memory</Filter>
    </ClInclude>
    <ClInclude Include="File.h">
      <Filter>Header files\KapowSystems\System</Filter>
    </ClInclude>
    <ClInclude Include="Performance.h">
      <Filter>Header files\KapowSystems\System</Filter>
    </ClInclude>
    <ClInclude Include="Node.h">
      <Filter>Header files\KapowSystems\Scripting</Filter>
    </ClInclude>
    <ClInclude Include="AuxQuadTree.h">
      <Filter>Header files\KapowSystems\Scripting</Filter>
    </ClInclude>
    <ClInclude Include="Entity.h">
      <Filter>Header files\KapowSystems\Scripting</Filter>
    </ClInclude>
    <ClInclude Include="CollisionList.h">
      <Filter>Header files\KapowSystems\Scripting</Filter>
    </ClInclude>
    <ClInclude Include="Fragment.h">
      <Filter>Header files\KapowSystems\Scripting</Filter>
    </ClInclude>
    <ClInclude Include="Properties.h">
      <Filter>Header files\KapowSystems\Scripting</Filter>
    </ClInclude>
    <ClInclude Include="NodePosition.h">
      <Filter>Header files\KapowSystems\Scripting</Filter>
    </ClInclude>
    <ClInclude Include="Light.h">
      <Filter>Header files\KapowSystems\Scripting</Filter>
    </ClInclude>
    <ClInclude Include="Builtin.h">
      <Filter>Header files\KapowSystems\Scripting</Filter>
    </ClInclude>
    <ClInclude Include="List.h">
      <Filter>Header files\KapowSystems\Memory</Filter>
    </ClInclude>
    <ClInclude Include="Window.h">
      <Filter>Header files\KapowSystems\System</Filter>
    </ClInclude>
    <ClInclude Include="StringsPool.h">
      <Filter>Header files\KapowSystems\Memory</Filter>
    </ClInclude>
    <ClInclude Include="Config.h">
      <Filter>Header files\KapowSystems\System</Filter>
    </ClInclude>
    <ClInclude Include="RewindBuffer.h">
      <Filter>Header files\KapowSystems\Scripting</Filter>
    </ClInclude>
    <ClInclude Include="Renderer.h">
      <Filter>Header files\KapowSystems\Render</Filter>
    </ClInclude>
    <ClInclude Include="SavesDirectoriesInformation.h">
      <Filter>Header files\KapowSystems\System</Filter>
    </ClInclude>
    <ClInclude Include="MemoryCards.h">
      <Filter>Header files\KapowSystems\Scripting</Filter>
    </ClInclude>
    <ClInclude Include="SavePoint.h">
      <Filter>Header files\KapowSystems\System</Filter>
    </ClInclude>
    <ClInclude Include="EditorCamera.h">
      <Filter>Header files\KapowSystems\Scripting</Filter>
    </ClInclude>
    <ClInclude Include="TextBox.h">
      <Filter>Header files\KapowSystems\Scripting</Filter>
    </ClInclude>
    <ClInclude Include="TextSlot.h">
      <Filter>Header files\KapowSystems\Scripting</Filter>
    </ClInclude>
    <ClInclude Include="SoundSlot.h">
      <Filter>Header files\KapowSystems\Scripting</Filter>
    </ClInclude>
    <ClInclude Include="OverdoseVehicle.h">
      <Filter>Header files\KapowSystems\Scripting</Filter>
    </ClInclude>
    <ClInclude Include="RigidBody.h">
      <Filter>Header files\KapowSystems\Scripting</Filter>
    </ClInclude>
    <ClInclude Include="FileInternal.h">
      <Filter>Header files\KapowSystems\System</Filter>
    </ClInclude>
    <ClInclude Include="GfxInternal_Dx9_Texture.h">
      <Filter>Header files\KapowSystems\Render</Filter>
    </ClInclude>
    <ClInclude Include="Scene.h">
      <Filter>Header files\KapowSystems\Scripting</Filter>
    </ClInclude>
    <ClInclude Include="Types.h">
      <Filter>Header files\KapowSystems\System</Filter>
    </ClInclude>
    <ClInclude Include="Globals.h">
      <Filter>Header files\KapowSystems\System</Filter>
    </ClInclude>
    <ClInclude Include="Blocks.h">
      <Filter>Header files\KapowSystems\Scripting</Filter>
    </ClInclude>
    <ClInclude Include="ScriptTypes.h">
      <Filter>Header files\KapowSystems\Scripting</Filter>
    </ClInclude>
    <ClInclude Include="Scratchpad.h">
      <Filter>Header files\KapowSystems\Memory</Filter>
    </ClInclude>
    <ClInclude Include="SceneNode.h">
      <Filter>Header files\KapowSystems\Scripting</Filter>
    </ClInclude>
    <ClInclude Include="ResourcesTypes.h">
      <Filter>Header files\KapowSystems\System</Filter>
    </ClInclude>
    <ClInclude Include="DieselPowerSound.h">
      <Filter>Header files\KapowSystems\Audio</Filter>
    </ClInclude>
  </ItemGroup>
  <ItemGroup>
    <ClCompile Include="dllmain.cpp">
      <Filter>Source files</Filter>
    </ClCompile>
    <ClCompile Include="File.cpp">
      <Filter>Source files\KapowSystems\System</Filter>
    </ClCompile>
    <ClCompile Include="Performance.cpp">
      <Filter>Source files\KapowSystems\System</Filter>
    </ClCompile>
    <ClCompile Include="GfxInternal_Dx9.cpp">
      <Filter>Source files\KapowSystems\Render</Filter>
    </ClCompile>
    <ClCompile Include="InputGameController.cpp">
      <Filter>Source files\KapowSystems\Input</Filter>
    </ClCompile>
    <ClCompile Include="InputKeyboard.cpp">
      <Filter>Source files\KapowSystems\Input</Filter>
    </ClCompile>
    <ClCompile Include="InputMouse.cpp">
      <Filter>Source files\KapowSystems\Input</Filter>
    </ClCompile>
    <ClCompile Include="MemoryAllocators.cpp">
      <Filter>Source files\KapowSystems\Memory</Filter>
    </ClCompile>
    <ClCompile Include="StreamedSoundBuffers.cpp">
      <Filter>Source files\KapowSystems\Audio</Filter>
    </ClCompile>
    <ClCompile Include="Node.cpp">
      <Filter>Source files\KapowSystems\Scripting</Filter>
    </ClCompile>
    <ClCompile Include="AuxQuadTree.cpp">
      <Filter>Source files\KapowSystems\Scripting</Filter>
    </ClCompile>
    <ClCompile Include="Entity.cpp">
      <Filter>Source files\KapowSystems\Scripting</Filter>
    </ClCompile>
    <ClCompile Include="CollisionList.cpp">
      <Filter>Source files\KapowSystems\Scripting</Filter>
    </ClCompile>
    <ClCompile Include="Fragment.cpp">
      <Filter>Source files\KapowSystems\Scripting</Filter>
    </ClCompile>
    <ClCompile Include="Properties.cpp">
      <Filter>Source files\KapowSystems\Scripting</Filter>
    </ClCompile>
    <ClCompile Include="NodePosition.cpp">
      <Filter>Source files\KapowSystems\Scripting</Filter>
    </ClCompile>
    <ClCompile Include="Light.cpp">
      <Filter>Source files\KapowSystems\Scripting</Filter>
    </ClCompile>
    <ClCompile Include="Builtin.cpp">
      <Filter>Source files\KapowSystems\Scripting</Filter>
    </ClCompile>
    <ClCompile Include="List.cpp">
      <Filter>Source files\KapowSystems\Memory</Filter>
    </ClCompile>
    <ClCompile Include="Window.cpp">
      <Filter>Source files\KapowSystems\System</Filter>
    </ClCompile>
    <ClCompile Include="StringsPool.cpp">
      <Filter>Source files\KapowSystems\Memory</Filter>
    </ClCompile>
    <ClCompile Include="Config.cpp">
      <Filter>Source files\KapowSystems\System</Filter>
    </ClCompile>
    <ClCompile Include="RewindBuffer.cpp">
      <Filter>Source files\KapowSystems\Scripting</Filter>
    </ClCompile>
    <ClCompile Include="Renderer.cpp">
      <Filter>Source files\KapowSystems\Render</Filter>
    </ClCompile>
    <ClCompile Include="SavesDirectoriesInformation.cpp">
      <Filter>Source files\KapowSystems\System</Filter>
    </ClCompile>
    <ClCompile Include="MemoryCards.cpp">
      <Filter>Source files\KapowSystems\Scripting</Filter>
    </ClCompile>
    <ClCompile Include="SavePoint.cpp">
      <Filter>Source files\KapowSystems\System</Filter>
    </ClCompile>
    <ClCompile Include="EditorCamera.cpp">
      <Filter>Source files\KapowSystems\Scripting</Filter>
    </ClCompile>
    <ClCompile Include="TextBox.cpp">
      <Filter>Source files\KapowSystems\Scripting</Filter>
    </ClCompile>
    <ClCompile Include="TextSlot.cpp">
      <Filter>Source files\KapowSystems\Scripting</Filter>
    </ClCompile>
    <ClCompile Include="SoundSlot.cpp">
      <Filter>Source files\KapowSystems\Scripting</Filter>
    </ClCompile>
    <ClCompile Include="RigidBody.cpp">
      <Filter>Source files\KapowSystems\Scripting</Filter>
    </ClCompile>
    <ClCompile Include="OverdoseVehicle.cpp">
      <Filter>Source files\KapowSystems\Scripting</Filter>
    </ClCompile>
    <ClCompile Include="FileInternal.cpp">
      <Filter>Source files\KapowSystems\System</Filter>
    </ClCompile>
    <ClCompile Include="Progress.h">
      <Filter>Header files\KapowSystems\Scripting</Filter>
    </ClCompile>
    <ClCompile Include="Progress.cpp">
      <Filter>Source files\KapowSystems\Scripting</Filter>
    </ClCompile>
    <ClCompile Include="GfxInternal_Dx9_Texture.cpp">
      <Filter>Source files\KapowSystems\Render</Filter>
    </ClCompile>
    <ClCompile Include="Scene.cpp">
      <Filter>Source files\KapowSystems\Scripting</Filter>
    </ClCompile>
    <ClCompile Include="Blocks.cpp">
      <Filter>Source files\KapowSystems\Scripting</Filter>
    </ClCompile>
    <ClCompile Include="ScriptTypes.cpp">
      <Filter>Source files\KapowSystems\Scripting</Filter>
    </ClCompile>
    <ClCompile Include="Scratchpad.cpp">
      <Filter>Source files\KapowSystems\Memory</Filter>
    </ClCompile>
    <ClCompile Include="SceneNode.cpp">
      <Filter>Source files\KapowSystems\Scripting</Filter>
    </ClCompile>
    <ClCompile Include="ResourcesTypes.cpp">
      <Filter>Source files\KapowSystems\System</Filter>
    </ClCompile>
  </ItemGroup>
  <ItemGroup>
    <None Include="dinput_h.def">
      <Filter>Source files</Filter>
    </None>
  </ItemGroup>
</Project>