<?xml version="1.0" encoding="utf-8"?>
<Project ToolsVersion="4.0" xmlns="http://schemas.microsoft.com/developer/msbuild/2003">
  <ItemGroup>
    <Filter Include="Source files">
      <UniqueIdentifier>{4FC737F1-C7A5-4376-A066-2A32D752A2FF}</UniqueIdentifier>
      <Extensions>cpp;c;cc;cxx;def;odl;idl;hpj;bat;asm;asmx</Extensions>
    </Filter>
    <Filter Include="Source files\KapowEngine">
      <UniqueIdentifier>{d8108170-fd6b-406e-b404-2f344662c882}</UniqueIdentifier>
    </Filter>
    <Filter Include="Header files">
      <UniqueIdentifier>{93995380-89BD-4b04-88EB-625FBE52EBFB}</UniqueIdentifier>
      <Extensions>h;hpp;hxx;hm;inl;inc;xsd</Extensions>
    </Filter>
    <Filter Include="Header files\KapowEngine">
      <UniqueIdentifier>{43dd2708-429d-40b1-ba35-3f9426f3895f}</UniqueIdentifier>
    </Filter>
    <Filter Include="Header files\KapowEngine\Scripting">
      <UniqueIdentifier>{e8edcccd-49ea-459e-9323-6a5c34a03461}</UniqueIdentifier>
    </Filter>
    <Filter Include="Source files\KapowEngine\Scripting">
      <UniqueIdentifier>{d7d51f51-6951-4c47-96a1-8cac1b72282a}</UniqueIdentifier>
    </Filter>
  </ItemGroup>
  <ItemGroup>
    <ClInclude Include="stdafx.h">
      <Filter>Header files</Filter>
    </ClInclude>
    <ClInclude Include="KapowWindow.h">
      <Filter>Header files\KapowEngine</Filter>
    </ClInclude>
    <ClInclude Include="MemoryAllocators.h">
      <Filter>Header files\KapowEngine</Filter>
    </ClInclude>
    <ClInclude Include="KapowFile.h">
      <Filter>Header files\KapowEngine</Filter>
    </ClInclude>
    <ClInclude Include="KapowStringsPool.h">
      <Filter>Header files\KapowEngine</Filter>
    </ClInclude>
    <ClInclude Include="Performance.h">
      <Filter>Header files\KapowEngine</Filter>
    </ClInclude>
    <ClInclude Include="KapowConfig.h">
      <Filter>Header files\KapowEngine</Filter>
    </ClInclude>
    <ClInclude Include="GfxInternal_Dx9.h">
      <Filter>Header files\KapowEngine</Filter>
    </ClInclude>
    <ClInclude Include="SceneNode.h">
      <Filter>Header files\KapowEngine\Scripting</Filter>
    </ClInclude>
    <ClInclude Include="InputMouse.h">
      <Filter>Header files\KapowEngine</Filter>
    </ClInclude>
    <ClInclude Include="InputKeyboard.h">
      <Filter>Header files\KapowEngine</Filter>
    </ClInclude>
    <ClInclude Include="InputGameController.h">
      <Filter>Header files\KapowEngine</Filter>
    </ClInclude>
    <ClInclude Include="StreamedSoundBuffers.h">
      <Filter>Header files\KapowEngine</Filter>
    </ClInclude>
  </ItemGroup>
  <ItemGroup>
    <ClCompile Include="dllmain.cpp">
      <Filter>Source files</Filter>
    </ClCompile>
    <ClCompile Include="KapowWindow.cpp">
      <Filter>Source files\KapowEngine</Filter>
    </ClCompile>
    <ClCompile Include="MemoryAllocators.cpp">
      <Filter>Source files\KapowEngine</Filter>
    </ClCompile>
    <ClCompile Include="KapowFile.cpp">
      <Filter>Source files\KapowEngine</Filter>
    </ClCompile>
    <ClCompile Include="KapowStringsPool.cpp">
      <Filter>Source files\KapowEngine</Filter>
    </ClCompile>
    <ClCompile Include="Performance.cpp">
      <Filter>Source files\KapowEngine</Filter>
    </ClCompile>
    <ClCompile Include="KapowConfig.cpp">
      <Filter>Source files\KapowEngine</Filter>
    </ClCompile>
    <ClCompile Include="GfxInternal_Dx9.cpp">
      <Filter>Source files\KapowEngine</Filter>
    </ClCompile>
    <ClCompile Include="SceneNode.cpp">
      <Filter>Source files\KapowEngine\Scripting</Filter>
    </ClCompile>
    <ClCompile Include="InputMouse.cpp">
      <Filter>Source files\KapowEngine</Filter>
    </ClCompile>
    <ClCompile Include="InputKeyboard.cpp">
      <Filter>Source files\KapowEngine</Filter>
    </ClCompile>
    <ClCompile Include="InputGameController.cpp">
      <Filter>Source files\KapowEngine</Filter>
    </ClCompile>
    <ClCompile Include="StreamedSoundBuffers.cpp">
      <Filter>Source files\KapowEngine</Filter>
    </ClCompile>
  </ItemGroup>
</Project>