<?xml version="1.0" encoding="utf-8"?>
<Project ToolsVersion="4.0" xmlns="http://schemas.microsoft.com/developer/msbuild/2003">
  <ItemGroup>
    <Filter Include="Source files">
      <UniqueIdentifier>{4FC737F1-C7A5-4376-A066-2A32D752A2FF}</UniqueIdentifier>
      <Extensions>cpp;c;cc;cxx;def;odl;idl;hpj;bat;asm;asmx</Extensions>
    </Filter>
    <Filter Include="Header files">
      <UniqueIdentifier>{93995380-89BD-4b04-88EB-625FBE52EBFB}</UniqueIdentifier>
      <Extensions>h;hpp;hxx;hm;inl;inc;xsd</Extensions>
    </Filter>
    <Filter Include="Header files\KapowSystems">
      <UniqueIdentifier>{43dd2708-429d-40b1-ba35-3f9426f3895f}</UniqueIdentifier>
    </Filter>
    <Filter Include="Header files\KapowSystems\Scripting">
      <UniqueIdentifier>{e8edcccd-49ea-459e-9323-6a5c34a03461}</UniqueIdentifier>
    </Filter>
    <Filter Include="Header files\KapowSystems\Input">
      <UniqueIdentifier>{95943a69-d047-4a4f-9418-7db9b00170b1}</UniqueIdentifier>
    </Filter>
    <Filter Include="Header files\KapowSystems\Memory">
      <UniqueIdentifier>{fafee682-83f1-4c63-a0cb-d58bc131582e}</UniqueIdentifier>
    </Filter>
    <Filter Include="Header files\KapowSystems\Audio">
      <UniqueIdentifier>{7d14dada-6968-49da-af83-0b7bb9683ce5}</UniqueIdentifier>
    </Filter>
    <Filter Include="Header files\KapowSystems\Render">
      <UniqueIdentifier>{be7fba1d-6d99-4732-b625-55b547b33abf}</UniqueIdentifier>
    </Filter>
    <Filter Include="Header files\KapowSystems\System">
      <UniqueIdentifier>{f54a249d-93fd-47e8-92ce-3ac29bc99616}</UniqueIdentifier>
    </Filter>
    <Filter Include="Source files\KapowSystems">
      <UniqueIdentifier>{d8108170-fd6b-406e-b404-2f344662c882}</UniqueIdentifier>
    </Filter>
    <Filter Include="Source files\KapowSystems\Scripting">
      <UniqueIdentifier>{d7d51f51-6951-4c47-96a1-8cac1b72282a}</UniqueIdentifier>
    </Filter>
    <Filter Include="Source files\KapowSystems\System">
      <UniqueIdentifier>{dd729f5e-9c12-4862-9b43-458966d18888}</UniqueIdentifier>
    </Filter>
    <Filter Include="Source files\KapowSystems\Render">
      <UniqueIdentifier>{41d072e6-c5df-450f-b45d-9480f448061b}</UniqueIdentifier>
    </Filter>
    <Filter Include="Source files\KapowSystems\Input">
      <UniqueIdentifier>{44f5fe70-91a7-4fc5-9c2a-e6fbe68ebe9a}</UniqueIdentifier>
    </Filter>
    <Filter Include="Source files\KapowSystems\Memory">
      <UniqueIdentifier>{689dd6eb-999a-4f73-8b00-2fb8e8fd2c98}</UniqueIdentifier>
    </Filter>
    <Filter Include="Source files\KapowSystems\Audio">
      <UniqueIdentifier>{0fc35c56-f67b-4152-b5e8-af51a2e268e2}</UniqueIdentifier>
    </Filter>
    <Filter Include="Header files\ThirdParty">
      <UniqueIdentifier>{504d8b40-d93a-4147-8881-1b5a84a26ac8}</UniqueIdentifier>
    </Filter>
    <Filter Include="Header files\ThirdParty\libpng">
      <UniqueIdentifier>{acf199cd-d85f-4fc0-b677-d22097c2706d}</UniqueIdentifier>
    </Filter>
    <Filter Include="Header files\ThirdParty\libogg">
      <UniqueIdentifier>{20e68c6b-dc2d-436a-9079-7c7b1716aa59}</UniqueIdentifier>
    </Filter>
    <Filter Include="Header files\ThirdParty\libvorbis">
      <UniqueIdentifier>{70c3c361-b9a6-4931-b6b0-d1d318e6c6fb}</UniqueIdentifier>
    </Filter>
    <Filter Include="Source files\ThirdParty">
      <UniqueIdentifier>{61536c81-37a9-4a91-8dad-11a99ae33e2d}</UniqueIdentifier>
    </Filter>
    <Filter Include="Resources">
      <UniqueIdentifier>{fa90815a-a4bf-4f11-867a-6490b772a9b8}</UniqueIdentifier>
    </Filter>
    <Filter Include="Resources\Icons">
      <UniqueIdentifier>{30ef79e1-ac7e-4241-b2d3-9f8dc48f59e4}</UniqueIdentifier>
    </Filter>
    <Filter Include="Header files\KapowSystems\Scripting\Types">
      <UniqueIdentifier>{26b44083-b909-46b6-8ad9-df62a8f14293}</UniqueIdentifier>
    </Filter>
    <Filter Include="Source files\KapowSystems\Scripting\Types">
      <UniqueIdentifier>{fdd7b477-d2be-4bd3-9bb8-29bff65de41a}</UniqueIdentifier>
    </Filter>
    <Filter Include="Header files\KapowSystems\Scripting\Entity">
      <UniqueIdentifier>{9d7660be-4bce-432c-8b38-43046e287ae7}</UniqueIdentifier>
    </Filter>
    <Filter Include="Source files\KapowSystems\Scripting\Entity">
      <UniqueIdentifier>{e7d45331-b339-498a-89cd-a13b25714000}</UniqueIdentifier>
    </Filter>
    <Filter Include="Header files\KapowSystems\System\Assets">
      <UniqueIdentifier>{2b786ec4-8866-482b-8436-1aedf93f7ace}</UniqueIdentifier>
    </Filter>
    <Filter Include="Source files\KapowSystems\System\Assets">
      <UniqueIdentifier>{095819aa-1405-44cd-bca9-b407b461a65c}</UniqueIdentifier>
    </Filter>
    <Filter Include="Header files\KapowSystems\Scripting\Builtin">
      <UniqueIdentifier>{ef26fd81-21a3-4ac1-9e45-96c39c4d8d91}</UniqueIdentifier>
    </Filter>
  </ItemGroup>
  <ItemGroup>
    <ClInclude Include="stdafx.h">
      <Filter>Header files</Filter>
    </ClInclude>
    <ClInclude Include="InputGameController.h">
      <Filter>Header files\KapowSystems\Input</Filter>
    </ClInclude>
    <ClInclude Include="InputKeyboard.h">
      <Filter>Header files\KapowSystems\Input</Filter>
    </ClInclude>
    <ClInclude Include="InputMouse.h">
      <Filter>Header files\KapowSystems\Input</Filter>
    </ClInclude>
    <ClInclude Include="GfxInternal_Dx9.h">
      <Filter>Header files\KapowSystems\Render</Filter>
    </ClInclude>
    <ClInclude Include="StreamedSoundBuffers.h">
      <Filter>Header files\KapowSystems\Audio</Filter>
    </ClInclude>
    <ClInclude Include="File.h">
      <Filter>Header files\KapowSystems\System</Filter>
    </ClInclude>
    <ClInclude Include="Performance.h">
      <Filter>Header files\KapowSystems\System</Filter>
    </ClInclude>
    <ClInclude Include="Window.h">
      <Filter>Header files\KapowSystems\System</Filter>
    </ClInclude>
    <ClInclude Include="KapowEngineClass.h">
      <Filter>Header files\KapowSystems\System</Filter>
    </ClInclude>
    <ClInclude Include="SavePoint.h">
      <Filter>Header files\KapowSystems\System</Filter>
    </ClInclude>
    <ClInclude Include="Texture.h">
      <Filter>Header files\KapowSystems\Render</Filter>
    </ClInclude>
    <ClInclude Include="Types.h">
      <Filter>Header files\KapowSystems\System</Filter>
    </ClInclude>
    <ClInclude Include="Globals.h">
      <Filter>Header files\KapowSystems\System</Filter>
    </ClInclude>
    <ClInclude Include="Scratchpad.h">
      <Filter>Header files\KapowSystems\Memory</Filter>
    </ClInclude>
    <ClInclude Include="DieselPowerSound.h">
      <Filter>Header files\KapowSystems\Audio</Filter>
    </ClInclude>
    <ClInclude Include="ZipArch.h">
      <Filter>Header files\KapowSystems\System</Filter>
    </ClInclude>
    <ClInclude Include="LoadScreenInfo.h">
      <Filter>Header files\KapowSystems\System</Filter>
    </ClInclude>
    <ClInclude Include="ScriptDatabase.h">
      <Filter>Header files\KapowSystems\System</Filter>
    </ClInclude>
    <ClInclude Include="Random.h">
      <Filter>Header files\KapowSystems\System</Filter>
    </ClInclude>
    <ClInclude Include="RenderBuffer.h">
      <Filter>Header files\KapowSystems\Render</Filter>
    </ClInclude>
    <ClInclude Include="LogDump.h">
      <Filter>Header files\KapowSystems\System</Filter>
    </ClInclude>
    <ClInclude Include="ThirdParty\bink\radbase.h">
      <Filter>Header files\ThirdParty\Bink</Filter>
    </ClInclude>
    <ClInclude Include="ThirdParty\libpng-1.0.5\png.h">
      <Filter>Header files\ThirdParty\libpng</Filter>
    </ClInclude>
    <ClInclude Include="ThirdParty\libpng-1.0.5\pngasmrd.h">
      <Filter>Header files\ThirdParty\libpng</Filter>
    </ClInclude>
    <ClInclude Include="ThirdParty\libpng-1.0.5\pngconf.h">
      <Filter>Header files\ThirdParty\libpng</Filter>
    </ClInclude>
    <ClInclude Include="ThirdParty\libogg-1.1.2\include\ogg.h">
      <Filter>Header files\ThirdParty\libogg</Filter>
    </ClInclude>
    <ClInclude Include="ThirdParty\libogg-1.1.2\include\os_types.h">
      <Filter>Header files\ThirdParty\libogg</Filter>
    </ClInclude>
    <ClInclude Include="ThirdParty\libvorbis-1.1.0\include\codec.h">
      <Filter>Header files\ThirdParty\libvorbis</Filter>
    </ClInclude>
    <ClInclude Include="ThirdParty\libvorbis-1.1.0\include\vorbisenc.h">
      <Filter>Header files\ThirdParty\libvorbis</Filter>
    </ClInclude>
    <ClInclude Include="ThirdParty\libvorbis-1.1.0\include\vorbisfile.h">
      <Filter>Header files\ThirdParty\libvorbis</Filter>
    </ClInclude>
    <ClInclude Include="Surface.h">
      <Filter>Header files\KapowSystems\Render</Filter>
    </ClInclude>
    <ClInclude Include="GfxInternal.h">
      <Filter>Header files\KapowSystems\Render</Filter>
    </ClInclude>
    <ClInclude Include="AssetManager.h">
      <Filter>Header files\KapowSystems\System</Filter>
    </ClInclude>
    <ClInclude Include="MemoryCard.h">
      <Filter>Header files\KapowSystems\System</Filter>
    </ClInclude>
    <ClInclude Include="StreamedSoundBuffer.h">
      <Filter>Header files\KapowSystems\Audio</Filter>
    </ClInclude>
    <ClInclude Include="StreamedWAV.h">
      <Filter>Header files\KapowSystems\Audio</Filter>
    </ClInclude>
    <ClInclude Include="ScriptThread.h">
      <Filter>Header files\KapowSystems\Scripting</Filter>
    </ClInclude>
    <ClInclude Include="FrameBuffer.h">
      <Filter>Header files\KapowSystems\Render</Filter>
    </ClInclude>
    <ClInclude Include="resource.h">
      <Filter>Header files</Filter>
    </ClInclude>
    <ClInclude Include="AllocatorBase.h">
      <Filter>Header files\KapowSystems\Memory</Filter>
    </ClInclude>
    <ClInclude Include="SystemSubAllocator.h">
      <Filter>Header files\KapowSystems\Memory</Filter>
    </ClInclude>
    <ClInclude Include="FirstFitSubAllocator.h">
      <Filter>Header files\KapowSystems\Memory</Filter>
    </ClInclude>
    <ClInclude Include="SequentialSubAllocator.h">
      <Filter>Header files\KapowSystems\Memory</Filter>
    </ClInclude>
    <ClInclude Include="FrameBasedSubAllocator.h">
      <Filter>Header files\KapowSystems\Memory</Filter>
    </ClInclude>
    <ClInclude Include="BestFitAllocator.h">
      <Filter>Header files\KapowSystems\Memory</Filter>
    </ClInclude>
    <ClInclude Include="PoolSubAllocator.h">
      <Filter>Header files\KapowSystems\Memory</Filter>
    </ClInclude>
    <ClInclude Include="StackBasedSubAllocator.h">
      <Filter>Header files\KapowSystems\Memory</Filter>
    </ClInclude>
    <ClInclude Include="SingletonSubAllocator.h">
      <Filter>Header files\KapowSystems\Memory</Filter>
    </ClInclude>
    <ClInclude Include="Defragmentator.h">
      <Filter>Header files\KapowSystems\Memory</Filter>
    </ClInclude>
    <ClInclude Include="MemoryManager.h">
      <Filter>Header files\KapowSystems\Memory</Filter>
    </ClInclude>
    <ClInclude Include="DataType.h">
      <Filter>Header files\KapowSystems\Scripting\Types</Filter>
    </ClInclude>
    <ClInclude Include="StringsPool.h">
      <Filter>Header files\KapowSystems\Memory</Filter>
    </ClInclude>
    <ClInclude Include="AnimLayer.h">
      <Filter>Header files\KapowSystems\Scripting\Entity</Filter>
    </ClInclude>
    <ClInclude Include="AnimSlot.h">
      <Filter>Header files\KapowSystems\Scripting\Entity</Filter>
    </ClInclude>
    <ClInclude Include="Bone.h">
      <Filter>Header files\KapowSystems\Scripting\Entity</Filter>
    </ClInclude>
    <ClInclude Include="Bullet.h">
      <Filter>Header files\KapowSystems\Scripting\Entity</Filter>
    </ClInclude>
    <ClInclude Include="Camera.h">
      <Filter>Header files\KapowSystems\Scripting\Entity</Filter>
    </ClInclude>
    <ClInclude Include="Character.h">
      <Filter>Header files\KapowSystems\Scripting\Entity</Filter>
    </ClInclude>
    <ClInclude Include="CharacterPlaceholder.h">
      <Filter>Header files\KapowSystems\Scripting\Entity</Filter>
    </ClInclude>
    <ClInclude Include="Cloth.h">
      <Filter>Header files\KapowSystems\Scripting\Entity</Filter>
    </ClInclude>
    <ClInclude Include="CollisionBox.h">
      <Filter>Header files\KapowSystems\Scripting\Entity</Filter>
    </ClInclude>
    <ClInclude Include="CollisionProbe.h">
      <Filter>Header files\KapowSystems\Scripting\Entity</Filter>
    </ClInclude>
    <ClInclude Include="CollisionSphere.h">
      <Filter>Header files\KapowSystems\Scripting\Entity</Filter>
    </ClInclude>
    <ClInclude Include="Control.h">
      <Filter>Header files\KapowSystems\Scripting\Entity</Filter>
    </ClInclude>
    <ClInclude Include="ControlSetup.h">
      <Filter>Header files\KapowSystems\Scripting\Entity</Filter>
    </ClInclude>
    <ClInclude Include="CutscenePlayer.h">
      <Filter>Header files\KapowSystems\Scripting\Entity</Filter>
    </ClInclude>
    <ClInclude Include="DecalManager.h">
      <Filter>Header files\KapowSystems\Scripting\Entity</Filter>
    </ClInclude>
    <ClInclude Include="DynamicSurroundGeometry.h">
      <Filter>Header files\KapowSystems\Scripting\Entity</Filter>
    </ClInclude>
    <ClInclude Include="EditorCamera.h">
      <Filter>Header files\KapowSystems\Scripting\Entity</Filter>
    </ClInclude>
    <ClInclude Include="Entity.h">
      <Filter>Header files\KapowSystems\Scripting\Entity</Filter>
    </ClInclude>
    <ClInclude Include="Fog.h">
      <Filter>Header files\KapowSystems\Scripting\Entity</Filter>
    </ClInclude>
    <ClInclude Include="Folder.h">
      <Filter>Header files\KapowSystems\Scripting\Entity</Filter>
    </ClInclude>
    <ClInclude Include="Fragment.h">
      <Filter>Header files\KapowSystems\Memory</Filter>
    </ClInclude>
    <ClInclude Include="GEKeyFrame.h">
      <Filter>Header files\KapowSystems\Scripting\Entity</Filter>
    </ClInclude>
    <ClInclude Include="CollisionList.h">
      <Filter>Header files\KapowSystems\Memory</Filter>
    </ClInclude>
    <ClInclude Include="AuxQuadTree.h">
      <Filter>Header files\KapowSystems\Memory</Filter>
    </ClInclude>
    <ClInclude Include="GeometryEffect.h">
      <Filter>Header files\KapowSystems\Scripting\Entity</Filter>
    </ClInclude>
    <ClInclude Include="GFXEffect.h">
      <Filter>Header files\KapowSystems\Scripting\Entity</Filter>
    </ClInclude>
    <ClInclude Include="GoodiePlaceHolder.h">
      <Filter>Header files\KapowSystems\Scripting\Entity</Filter>
    </ClInclude>
    <ClInclude Include="Group.h">
      <Filter>Header files\KapowSystems\Scripting\Entity</Filter>
    </ClInclude>
    <ClInclude Include="GuideBox.h">
      <Filter>Header files\KapowSystems\Scripting\Entity</Filter>
    </ClInclude>
    <ClInclude Include="HavocPlaceHolder.h">
      <Filter>Header files\KapowSystems\Scripting\Entity</Filter>
    </ClInclude>
    <ClInclude Include="LensFlare.h">
      <Filter>Header files\KapowSystems\Scripting\Entity</Filter>
    </ClInclude>
    <ClInclude Include="LensFlareManager.h">
      <Filter>Header files\KapowSystems\Scripting\Entity</Filter>
    </ClInclude>
    <ClInclude Include="Light.h">
      <Filter>Header files\KapowSystems\Scripting\Entity</Filter>
    </ClInclude>
    <ClInclude Include="LoadScreen.h">
      <Filter>Header files\KapowSystems\Scripting\Entity</Filter>
    </ClInclude>
    <ClInclude Include="MemoryCards.h">
      <Filter>Header files\KapowSystems\Scripting\Entity</Filter>
    </ClInclude>
    <ClInclude Include="MockupBox.h">
      <Filter>Header files\KapowSystems\Scripting\Entity</Filter>
    </ClInclude>
    <ClInclude Include="Model.h">
      <Filter>Header files\KapowSystems\Scripting\Entity</Filter>
    </ClInclude>
    <ClInclude Include="MotionAnimSlot.h">
      <Filter>Header files\KapowSystems\Scripting\Entity</Filter>
    </ClInclude>
    <ClInclude Include="MotionLayer.h">
      <Filter>Header files\KapowSystems\Scripting\Entity</Filter>
    </ClInclude>
    <ClInclude Include="MoviePlayer.h">
      <Filter>Header files\KapowSystems\Scripting\Entity</Filter>
    </ClInclude>
    <ClInclude Include="Navigator.h">
      <Filter>Header files\KapowSystems\Scripting\Entity</Filter>
    </ClInclude>
    <ClInclude Include="Node.h">
      <Filter>Header files\KapowSystems\Scripting\Entity</Filter>
    </ClInclude>
    <ClInclude Include="NodeLogical.h">
      <Filter>Header files\KapowSystems\Scripting\Entity</Filter>
    </ClInclude>
    <ClInclude Include="NodeSpatial.h">
      <Filter>Header files\KapowSystems\Scripting\Entity</Filter>
    </ClInclude>
    <ClInclude Include="OverdoseVehicle.h">
      <Filter>Header files\KapowSystems\Scripting\Entity</Filter>
    </ClInclude>
    <ClInclude Include="ParticleSystem.h">
      <Filter>Header files\KapowSystems\Scripting\Entity</Filter>
    </ClInclude>
    <ClInclude Include="PhysSystem.h">
      <Filter>Header files\KapowSystems\Memory</Filter>
    </ClInclude>
    <ClInclude Include="Placeholder.h">
      <Filter>Header files\KapowSystems\Scripting\Entity</Filter>
    </ClInclude>
    <ClInclude Include="ProfilerInput.h">
      <Filter>Header files\KapowSystems\Scripting\Entity</Filter>
    </ClInclude>
    <ClInclude Include="Progress.h">
      <Filter>Header files\KapowSystems\Memory</Filter>
    </ClInclude>
    <ClInclude Include="RealtimeFolder.h">
      <Filter>Header files\KapowSystems\Scripting\Entity</Filter>
    </ClInclude>
    <ClInclude Include="RigidBody.h">
      <Filter>Header files\KapowSystems\Scripting\Entity</Filter>
    </ClInclude>
    <ClInclude Include="Scene.h">
      <Filter>Header files\KapowSystems\Scripting\Entity</Filter>
    </ClInclude>
    <ClInclude Include="SceneSaveLoad.h">
      <Filter>Header files\KapowSystems\Memory</Filter>
    </ClInclude>
    <ClInclude Include="Shadow.h">
      <Filter>Header files\KapowSystems\Scripting\Entity</Filter>
    </ClInclude>
    <ClInclude Include="SignPost.h">
      <Filter>Header files\KapowSystems\Scripting\Entity</Filter>
    </ClInclude>
    <ClInclude Include="SkyBox.h">
      <Filter>Header files\KapowSystems\Scripting\Entity</Filter>
    </ClInclude>
    <ClInclude Include="StaticLighting.h">
      <Filter>Header files\KapowSystems\Scripting\Entity</Filter>
    </ClInclude>
    <ClInclude Include="StretchModel.h">
      <Filter>Header files\KapowSystems\Scripting\Entity</Filter>
    </ClInclude>
    <ClInclude Include="Track.h">
      <Filter>Header files\KapowSystems\Scripting\Entity</Filter>
    </ClInclude>
    <ClInclude Include="WayPoint.h">
      <Filter>Header files\KapowSystems\Scripting\Entity</Filter>
    </ClInclude>
    <ClInclude Include="Sprite.h">
      <Filter>Header files\KapowSystems\Scripting\Entity</Filter>
    </ClInclude>
    <ClInclude Include="SoundEmitter.h">
      <Filter>Header files\KapowSystems\Scripting\Entity</Filter>
    </ClInclude>
    <ClInclude Include="SoundSlot.h">
      <Filter>Header files\KapowSystems\Scripting\Entity</Filter>
    </ClInclude>
    <ClInclude Include="SurroundGeometry.h">
      <Filter>Header files\KapowSystems\Scripting\Entity</Filter>
    </ClInclude>
    <ClInclude Include="Wind.h">
      <Filter>Header files\KapowSystems\Scripting\Entity</Filter>
    </ClInclude>
    <ClInclude Include="TextSlot.h">
      <Filter>Header files\KapowSystems\Scripting\Entity</Filter>
    </ClInclude>
    <ClInclude Include="WeaponPlaceHolder.h">
      <Filter>Header files\KapowSystems\Scripting\Entity</Filter>
    </ClInclude>
    <ClInclude Include="TransactionBuffer.h">
      <Filter>Header files\KapowSystems\Memory</Filter>
    </ClInclude>
    <ClInclude Include="TrackPoint.h">
      <Filter>Header files\KapowSystems\Scripting\Entity</Filter>
    </ClInclude>
    <ClInclude Include="TextBox.h">
      <Filter>Header files\KapowSystems\Scripting\Entity</Filter>
    </ClInclude>
    <ClInclude Include="NothingType.h">
      <Filter>Header files\KapowSystems\Scripting\Types</Filter>
    </ClInclude>
    <ClInclude Include="NumberType.h">
      <Filter>Header files\KapowSystems\Scripting\Types</Filter>
    </ClInclude>
    <ClInclude Include="IntegerType.h">
      <Filter>Header files\KapowSystems\Scripting\Types</Filter>
    </ClInclude>
    <ClInclude Include="TruthType.h">
      <Filter>Header files\KapowSystems\Scripting\Types</Filter>
    </ClInclude>
    <ClInclude Include="VectorType.h">
      <Filter>Header files\KapowSystems\Scripting\Types</Filter>
    </ClInclude>
    <ClInclude Include="QuaternionType.h">
      <Filter>Header files\KapowSystems\Scripting\Types</Filter>
    </ClInclude>
    <ClInclude Include="ColorType.h">
      <Filter>Header files\KapowSystems\Scripting\Types</Filter>
    </ClInclude>
    <ClInclude Include="StringType.h">
      <Filter>Header files\KapowSystems\Scripting\Types</Filter>
    </ClInclude>
    <ClInclude Include="EntityType.h">
      <Filter>Header files\KapowSystems\Scripting\Types</Filter>
    </ClInclude>
    <ClInclude Include="ScriptType.h">
      <Filter>Header files\KapowSystems\Scripting\Types</Filter>
    </ClInclude>
    <ClInclude Include="ListType.h">
      <Filter>Header files\KapowSystems\Scripting\Types</Filter>
    </ClInclude>
    <ClInclude Include="DictType.h">
      <Filter>Header files\KapowSystems\Scripting\Types</Filter>
    </ClInclude>
    <ClInclude Include="DumpTable.h">
      <Filter>Header files\KapowSystems\Memory</Filter>
    </ClInclude>
    <ClInclude Include="BuiltinType.h">
      <Filter>Header files\KapowSystems\Scripting\Types</Filter>
    </ClInclude>
    <ClInclude Include="VirtualHud.h">
      <Filter>Header files\KapowSystems\Render</Filter>
    </ClInclude>
    <ClInclude Include="Font.h">
      <Filter>Header files\KapowSystems\System</Filter>
    </ClInclude>
    <ClInclude Include="SoundFile.h">
      <Filter>Header files\KapowSystems\Audio</Filter>
    </ClInclude>
    <ClInclude Include="MeshBuffer_Dx9.h">
      <Filter>Header files\KapowSystems\Render</Filter>
    </ClInclude>
    <ClInclude Include="VertexBuffer.h">
      <Filter>Header files\KapowSystems\Render</Filter>
    </ClInclude>
    <ClInclude Include="IndexBuffer.h">
      <Filter>Header files\KapowSystems\Render</Filter>
    </ClInclude>
    <ClInclude Include="GfxInternal_OGL.h">
      <Filter>Header files\KapowSystems\Render</Filter>
    </ClInclude>
    <ClInclude Include="TextureAsset.h">
      <Filter>Header files\KapowSystems\System\Assets</Filter>
    </ClInclude>
    <ClInclude Include="BaseAsset.h">
      <Filter>Header files\KapowSystems\System\Assets</Filter>
    </ClInclude>
    <ClInclude Include="FontAsset.h">
      <Filter>Header files\KapowSystems\System\Assets</Filter>
    </ClInclude>
    <ClInclude Include="TextAsset.h">
      <Filter>Header files\KapowSystems\System\Assets</Filter>
    </ClInclude>
    <ClInclude Include="ModelAsset.h">
      <Filter>Header files\KapowSystems\System\Assets</Filter>
    </ClInclude>
    <ClInclude Include="FragmentAsset.h">
      <Filter>Header files\KapowSystems\System\Assets</Filter>
    </ClInclude>
    <ClInclude Include="MovieAsset.h">
      <Filter>Header files\KapowSystems\System\Assets</Filter>
    </ClInclude>
    <ClInclude Include="MeshColorAsset.h">
      <Filter>Header files\KapowSystems\System\Assets</Filter>
    </ClInclude>
    <ClInclude Include="AnimationAsset.h">
      <Filter>Header files\KapowSystems\System\Assets</Filter>
    </ClInclude>
    <ClInclude Include="CutsceneAsset.h">
      <Filter>Header files\KapowSystems\System\Assets</Filter>
    </ClInclude>
    <ClInclude Include="SoundAsset.h">
      <Filter>Header files\KapowSystems\System\Assets</Filter>
    </ClInclude>
    <ClInclude Include="StreamedSoundInfoAsset.h">
      <Filter>Header files\KapowSystems\System\Assets</Filter>
    </ClInclude>
    <ClInclude Include="MeshBuffer.h">
      <Filter>Header files\KapowSystems\Render</Filter>
    </ClInclude>
    <ClInclude Include="SkinnedMeshBuffer.h">
      <Filter>Header files\KapowSystems\Render</Filter>
    </ClInclude>
    <ClInclude Include="MutableTextureBuffer.h">
      <Filter>Header files\KapowSystems\Render</Filter>
    </ClInclude>
    <ClInclude Include="Mesh.h">
      <Filter>Header files\KapowSystems\Render</Filter>
    </ClInclude>
    <ClInclude Include="scripts\common.h">
      <Filter>Header files\KapowSystems\Scripting\Builtin</Filter>
    </ClInclude>
    <ClInclude Include="scripts\HUD_health_bar.h">
      <Filter>Header files\KapowSystems\Scripting\Builtin</Filter>
    </ClInclude>
    <ClInclude Include="scripts\master_mission_ctrl.h">
      <Filter>Header files\KapowSystems\Scripting\Builtin</Filter>
    </ClInclude>
    <ClInclude Include="scripts\Trigger_Activate_Weapons.h">
      <Filter>Header files\KapowSystems\Scripting\Builtin</Filter>
    </ClInclude>
    <ClInclude Include="scripts\Hydrant_Root.h">
      <Filter>Header files\KapowSystems\Scripting\Builtin</Filter>
    </ClInclude>
    <ClInclude Include="scripts\Ladder_Root.h">
      <Filter>Header files\KapowSystems\Scripting\Builtin</Filter>
    </ClInclude>
    <ClInclude Include="scripts\MarcoDist.h">
      <Filter>Header files\KapowSystems\Scripting\Builtin</Filter>
    </ClInclude>
    <ClInclude Include="scripts\Magnet.h">
      <Filter>Header files\KapowSystems\Scripting\Builtin</Filter>
    </ClInclude>
    <ClInclude Include="Particle.h">
      <Filter>Header files\KapowSystems\Render</Filter>
    </ClInclude>
  </ItemGroup>
  <ItemGroup>
    <ClCompile Include="main.cpp">
      <Filter>Source files</Filter>
    </ClCompile>
    <ClCompile Include="File.cpp">
      <Filter>Source files\KapowSystems\System</Filter>
    </ClCompile>
    <ClCompile Include="Performance.cpp">
      <Filter>Source files\KapowSystems\System</Filter>
    </ClCompile>
    <ClCompile Include="GfxInternal_Dx9.cpp">
      <Filter>Source files\KapowSystems\Render</Filter>
    </ClCompile>
    <ClCompile Include="InputGameController.cpp">
      <Filter>Source files\KapowSystems\Input</Filter>
    </ClCompile>
    <ClCompile Include="InputKeyboard.cpp">
      <Filter>Source files\KapowSystems\Input</Filter>
    </ClCompile>
    <ClCompile Include="InputMouse.cpp">
      <Filter>Source files\KapowSystems\Input</Filter>
    </ClCompile>
    <ClCompile Include="StreamedSoundBuffers.cpp">
      <Filter>Source files\KapowSystems\Audio</Filter>
    </ClCompile>
    <ClCompile Include="Window.cpp">
      <Filter>Source files\KapowSystems\System</Filter>
    </ClCompile>
    <ClCompile Include="KapowEngineClass.cpp">
      <Filter>Source files\KapowSystems\System</Filter>
    </ClCompile>
    <ClCompile Include="SavePoint.cpp">
      <Filter>Source files\KapowSystems\System</Filter>
    </ClCompile>
    <ClCompile Include="Texture.cpp">
      <Filter>Source files\KapowSystems\Render</Filter>
    </ClCompile>
    <ClCompile Include="Scratchpad.cpp">
      <Filter>Source files\KapowSystems\Memory</Filter>
    </ClCompile>
    <ClCompile Include="DieselPowerSound.cpp">
      <Filter>Source files\KapowSystems\Audio</Filter>
    </ClCompile>
    <ClCompile Include="ZipArch.cpp">
      <Filter>Source files\KapowSystems\System</Filter>
    </ClCompile>
    <ClCompile Include="LoadScreenInfo.cpp">
      <Filter>Source files\KapowSystems\System</Filter>
    </ClCompile>
    <ClCompile Include="ScriptDatabase.cpp">
      <Filter>Source files\KapowSystems\System</Filter>
    </ClCompile>
    <ClCompile Include="Random.cpp">
      <Filter>Source files\KapowSystems\System</Filter>
    </ClCompile>
    <ClCompile Include="RenderBuffer.cpp">
      <Filter>Source files\KapowSystems\Render</Filter>
    </ClCompile>
    <ClCompile Include="LogDump.cpp">
      <Filter>Source files\KapowSystems\System</Filter>
    </ClCompile>
    <ClCompile Include="Surface.cpp">
      <Filter>Source files\KapowSystems\Render</Filter>
    </ClCompile>
    <ClCompile Include="GfxInternal.cpp">
      <Filter>Source files\KapowSystems\Render</Filter>
    </ClCompile>
    <ClCompile Include="AssetManager.cpp">
      <Filter>Source files\KapowSystems\System</Filter>
    </ClCompile>
    <ClCompile Include="MemoryCard.cpp">
      <Filter>Source files\KapowSystems\System</Filter>
    </ClCompile>
    <ClCompile Include="StreamedSoundBuffer.cpp">
      <Filter>Source files\KapowSystems\Audio</Filter>
    </ClCompile>
    <ClCompile Include="StreamedWAV.cpp">
      <Filter>Source files\KapowSystems\Audio</Filter>
    </ClCompile>
    <ClCompile Include="ScriptThread.cpp">
      <Filter>Source files\KapowSystems\Scripting</Filter>
    </ClCompile>
    <ClCompile Include="FrameBuffer.cpp">
      <Filter>Source files\KapowSystems\Render</Filter>
    </ClCompile>
    <ClCompile Include="AllocatorBase.cpp">
      <Filter>Source files\KapowSystems\Memory</Filter>
    </ClCompile>
    <ClCompile Include="SystemSubAllocator.cpp">
      <Filter>Source files\KapowSystems\Memory</Filter>
    </ClCompile>
    <ClCompile Include="FirstFitSubAllocator.cpp">
      <Filter>Source files\KapowSystems\Memory</Filter>
    </ClCompile>
    <ClCompile Include="SequentialSubAllocator.cpp">
      <Filter>Source files\KapowSystems\Memory</Filter>
    </ClCompile>
    <ClCompile Include="FrameBasedSubAllocator.cpp">
      <Filter>Source files\KapowSystems\Memory</Filter>
    </ClCompile>
    <ClCompile Include="BestFitAllocator.cpp">
      <Filter>Source files\KapowSystems\Memory</Filter>
    </ClCompile>
    <ClCompile Include="PoolSubAllocator.cpp">
      <Filter>Source files\KapowSystems\Memory</Filter>
    </ClCompile>
    <ClCompile Include="StackBasedSubAllocator.cpp">
      <Filter>Source files\KapowSystems\Memory</Filter>
    </ClCompile>
    <ClCompile Include="SingletonSubAllocator.cpp">
      <Filter>Source files\KapowSystems\Memory</Filter>
    </ClCompile>
    <ClCompile Include="Defragmentator.cpp">
      <Filter>Source files\KapowSystems\Memory</Filter>
    </ClCompile>
    <ClCompile Include="MemoryManager.cpp">
      <Filter>Source files\KapowSystems\Memory</Filter>
    </ClCompile>
    <ClCompile Include="StringsPool.cpp">
      <Filter>Source files\KapowSystems\Memory</Filter>
    </ClCompile>
    <ClCompile Include="AnimLayer.cpp">
      <Filter>Source files\KapowSystems\Scripting\Entity</Filter>
    </ClCompile>
    <ClCompile Include="AnimSlot.cpp">
      <Filter>Source files\KapowSystems\Scripting\Entity</Filter>
    </ClCompile>
    <ClCompile Include="Cloth.cpp">
      <Filter>Source files\KapowSystems\Scripting\Entity</Filter>
    </ClCompile>
    <ClCompile Include="Camera.cpp">
      <Filter>Source files\KapowSystems\Scripting\Entity</Filter>
    </ClCompile>
    <ClCompile Include="Bullet.cpp">
      <Filter>Source files\KapowSystems\Scripting\Entity</Filter>
    </ClCompile>
    <ClCompile Include="Character.cpp">
      <Filter>Source files\KapowSystems\Scripting\Entity</Filter>
    </ClCompile>
    <ClCompile Include="EditorCamera.cpp">
      <Filter>Source files\KapowSystems\Scripting\Entity</Filter>
    </ClCompile>
    <ClCompile Include="Entity.cpp">
      <Filter>Source files\KapowSystems\Scripting\Entity</Filter>
    </ClCompile>
    <ClCompile Include="DynamicSurroundGeometry.cpp">
      <Filter>Source files\KapowSystems\Scripting\Entity</Filter>
    </ClCompile>
    <ClCompile Include="GFXEffect.cpp">
      <Filter>Source files\KapowSystems\Scripting\Entity</Filter>
    </ClCompile>
    <ClCompile Include="GoodiePlaceHolder.cpp">
      <Filter>Source files\KapowSystems\Scripting\Entity</Filter>
    </ClCompile>
    <ClCompile Include="Group.cpp">
      <Filter>Source files\KapowSystems\Scripting\Entity</Filter>
    </ClCompile>
    <ClCompile Include="GeometryEffect.cpp">
      <Filter>Source files\KapowSystems\Scripting\Entity</Filter>
    </ClCompile>
    <ClCompile Include="GuideBox.cpp">
      <Filter>Source files\KapowSystems\Scripting\Entity</Filter>
    </ClCompile>
    <ClCompile Include="Folder.cpp">
      <Filter>Source files\KapowSystems\Scripting\Entity</Filter>
    </ClCompile>
    <ClCompile Include="Fog.cpp">
      <Filter>Source files\KapowSystems\Scripting\Entity</Filter>
    </ClCompile>
    <ClCompile Include="Control.cpp">
      <Filter>Source files\KapowSystems\Scripting\Entity</Filter>
    </ClCompile>
    <ClCompile Include="ControlSetup.cpp">
      <Filter>Source files\KapowSystems\Scripting\Entity</Filter>
    </ClCompile>
    <ClCompile Include="Light.cpp">
      <Filter>Source files\KapowSystems\Scripting\Entity</Filter>
    </ClCompile>
    <ClCompile Include="MotionLayer.cpp">
      <Filter>Source files\KapowSystems\Scripting\Entity</Filter>
    </ClCompile>
    <ClCompile Include="LensFlareManager.cpp">
      <Filter>Source files\KapowSystems\Scripting\Entity</Filter>
    </ClCompile>
    <ClCompile Include="LensFlare.cpp">
      <Filter>Source files\KapowSystems\Scripting\Entity</Filter>
    </ClCompile>
    <ClCompile Include="HavocPlaceHolder.cpp">
      <Filter>Source files\KapowSystems\Scripting\Entity</Filter>
    </ClCompile>
    <ClCompile Include="GEKeyFrame.cpp">
      <Filter>Source files\KapowSystems\Scripting\Entity</Filter>
    </ClCompile>
    <ClCompile Include="MoviePlayer.cpp">
      <Filter>Source files\KapowSystems\Scripting\Entity</Filter>
    </ClCompile>
    <ClCompile Include="Model.cpp">
      <Filter>Source files\KapowSystems\Scripting\Entity</Filter>
    </ClCompile>
    <ClCompile Include="Node.cpp">
      <Filter>Source files\KapowSystems\Scripting\Entity</Filter>
    </ClCompile>
    <ClCompile Include="MockupBox.cpp">
      <Filter>Source files\KapowSystems\Scripting\Entity</Filter>
    </ClCompile>
    <ClCompile Include="MotionAnimSlot.cpp">
      <Filter>Source files\KapowSystems\Scripting\Entity</Filter>
    </ClCompile>
    <ClCompile Include="CharacterPlaceholder.cpp">
      <Filter>Source files\KapowSystems\Scripting\Entity</Filter>
    </ClCompile>
    <ClCompile Include="AuxQuadTree.cpp">
      <Filter>Source files\KapowSystems\Memory</Filter>
    </ClCompile>
    <ClCompile Include="Bone.cpp">
      <Filter>Source files\KapowSystems\Scripting\Entity</Filter>
    </ClCompile>
    <ClCompile Include="CollisionBox.cpp">
      <Filter>Source files\KapowSystems\Scripting\Entity</Filter>
    </ClCompile>
    <ClCompile Include="CollisionList.cpp">
      <Filter>Source files\KapowSystems\Memory</Filter>
    </ClCompile>
    <ClCompile Include="CollisionProbe.cpp">
      <Filter>Source files\KapowSystems\Scripting\Entity</Filter>
    </ClCompile>
    <ClCompile Include="CollisionSphere.cpp">
      <Filter>Source files\KapowSystems\Scripting\Entity</Filter>
    </ClCompile>
    <ClCompile Include="CutscenePlayer.cpp">
      <Filter>Source files\KapowSystems\Scripting\Entity</Filter>
    </ClCompile>
    <ClCompile Include="DecalManager.cpp">
      <Filter>Source files\KapowSystems\Scripting\Entity</Filter>
    </ClCompile>
    <ClCompile Include="Fragment.cpp">
      <Filter>Source files\KapowSystems\Memory</Filter>
    </ClCompile>
    <ClCompile Include="LoadScreen.cpp">
      <Filter>Source files\KapowSystems\Scripting\Entity</Filter>
    </ClCompile>
    <ClCompile Include="MemoryCards.cpp">
      <Filter>Source files\KapowSystems\Scripting\Entity</Filter>
    </ClCompile>
    <ClCompile Include="Navigator.cpp">
      <Filter>Source files\KapowSystems\Scripting\Entity</Filter>
    </ClCompile>
    <ClCompile Include="NodeLogical.cpp">
      <Filter>Source files\KapowSystems\Scripting\Entity</Filter>
    </ClCompile>
    <ClCompile Include="NodeSpatial.cpp">
      <Filter>Source files\KapowSystems\Scripting\Entity</Filter>
    </ClCompile>
    <ClCompile Include="OverdoseVehicle.cpp">
      <Filter>Source files\KapowSystems\Scripting\Entity</Filter>
    </ClCompile>
    <ClCompile Include="ParticleSystem.cpp">
      <Filter>Source files\KapowSystems\Scripting\Entity</Filter>
    </ClCompile>
    <ClCompile Include="Placeholder.cpp">
      <Filter>Source files\KapowSystems\Scripting\Entity</Filter>
    </ClCompile>
    <ClCompile Include="ProfilerInput.cpp">
      <Filter>Source files\KapowSystems\Scripting\Entity</Filter>
    </ClCompile>
    <ClCompile Include="Progress.cpp">
      <Filter>Source files\KapowSystems\Memory</Filter>
    </ClCompile>
    <ClCompile Include="RealtimeFolder.cpp">
      <Filter>Source files\KapowSystems\Scripting\Entity</Filter>
    </ClCompile>
    <ClCompile Include="RigidBody.cpp">
      <Filter>Source files\KapowSystems\Scripting\Entity</Filter>
    </ClCompile>
    <ClCompile Include="Scene.cpp">
      <Filter>Source files\KapowSystems\Scripting\Entity</Filter>
    </ClCompile>
    <ClCompile Include="SceneSaveLoad.cpp">
      <Filter>Source files\KapowSystems\Memory</Filter>
    </ClCompile>
    <ClCompile Include="Shadow.cpp">
      <Filter>Source files\KapowSystems\Scripting\Entity</Filter>
    </ClCompile>
    <ClCompile Include="Track.cpp">
      <Filter>Source files\KapowSystems\Scripting\Entity</Filter>
    </ClCompile>
    <ClCompile Include="Wind.cpp">
      <Filter>Source files\KapowSystems\Scripting\Entity</Filter>
    </ClCompile>
    <ClCompile Include="WeaponPlaceHolder.cpp">
      <Filter>Source files\KapowSystems\Scripting\Entity</Filter>
    </ClCompile>
    <ClCompile Include="WayPoint.cpp">
      <Filter>Source files\KapowSystems\Scripting\Entity</Filter>
    </ClCompile>
    <ClCompile Include="TrackPoint.cpp">
      <Filter>Source files\KapowSystems\Scripting\Entity</Filter>
    </ClCompile>
    <ClCompile Include="TextSlot.cpp">
      <Filter>Source files\KapowSystems\Scripting\Entity</Filter>
    </ClCompile>
    <ClCompile Include="TextBox.cpp">
      <Filter>Source files\KapowSystems\Scripting\Entity</Filter>
    </ClCompile>
    <ClCompile Include="SurroundGeometry.cpp">
      <Filter>Source files\KapowSystems\Scripting\Entity</Filter>
    </ClCompile>
    <ClCompile Include="StretchModel.cpp">
      <Filter>Source files\KapowSystems\Scripting\Entity</Filter>
    </ClCompile>
    <ClCompile Include="Sprite.cpp">
      <Filter>Source files\KapowSystems\Scripting\Entity</Filter>
    </ClCompile>
    <ClCompile Include="SoundSlot.cpp">
      <Filter>Source files\KapowSystems\Scripting\Entity</Filter>
    </ClCompile>
    <ClCompile Include="SoundEmitter.cpp">
      <Filter>Source files\KapowSystems\Scripting\Entity</Filter>
    </ClCompile>
    <ClCompile Include="SkyBox.cpp">
      <Filter>Source files\KapowSystems\Scripting\Entity</Filter>
    </ClCompile>
    <ClCompile Include="SignPost.cpp">
      <Filter>Source files\KapowSystems\Scripting\Entity</Filter>
    </ClCompile>
    <ClCompile Include="TransactionBuffer.cpp">
      <Filter>Source files\KapowSystems\Memory</Filter>
    </ClCompile>
    <ClCompile Include="StaticLighting.cpp">
      <Filter>Source files\KapowSystems\Scripting\Entity</Filter>
    </ClCompile>
    <ClCompile Include="DataType.cpp">
      <Filter>Source files\KapowSystems\Scripting\Types</Filter>
    </ClCompile>
    <ClCompile Include="NothingType.cpp">
      <Filter>Source files\KapowSystems\Scripting\Types</Filter>
    </ClCompile>
    <ClCompile Include="NumberType.cpp">
      <Filter>Source files\KapowSystems\Scripting\Types</Filter>
    </ClCompile>
    <ClCompile Include="IntegerType.cpp">
      <Filter>Source files\KapowSystems\Scripting\Types</Filter>
    </ClCompile>
    <ClCompile Include="TruthType.cpp">
      <Filter>Source files\KapowSystems\Scripting\Types</Filter>
    </ClCompile>
    <ClCompile Include="VectorType.cpp">
      <Filter>Source files\KapowSystems\Scripting\Types</Filter>
    </ClCompile>
    <ClCompile Include="QuaternionType.cpp">
      <Filter>Source files\KapowSystems\Scripting\Types</Filter>
    </ClCompile>
    <ClCompile Include="ColorType.cpp">
      <Filter>Source files\KapowSystems\Scripting\Types</Filter>
    </ClCompile>
    <ClCompile Include="StringType.cpp">
      <Filter>Source files\KapowSystems\Scripting\Types</Filter>
    </ClCompile>
    <ClCompile Include="EntityType.cpp">
      <Filter>Source files\KapowSystems\Scripting\Types</Filter>
    </ClCompile>
    <ClCompile Include="ScriptType.cpp">
      <Filter>Source files\KapowSystems\Scripting\Types</Filter>
    </ClCompile>
    <ClCompile Include="ListType.cpp">
      <Filter>Source files\KapowSystems\Scripting\Types</Filter>
    </ClCompile>
    <ClCompile Include="DictType.cpp">
      <Filter>Source files\KapowSystems\Scripting\Types</Filter>
    </ClCompile>
    <ClCompile Include="DumpTable.cpp">
      <Filter>Source files\KapowSystems\Memory</Filter>
    </ClCompile>
    <ClCompile Include="BuiltinType.cpp">
      <Filter>Source files\KapowSystems\Scripting\Types</Filter>
    </ClCompile>
    <ClCompile Include="VirtualHud.cpp">
      <Filter>Source files\KapowSystems\Render</Filter>
    </ClCompile>
    <ClCompile Include="Font.cpp">
      <Filter>Source files\KapowSystems\System</Filter>
    </ClCompile>
    <ClCompile Include="SoundFile.cpp">
      <Filter>Source files\KapowSystems\Audio</Filter>
    </ClCompile>
    <ClCompile Include="MeshBuffer_Dx9.cpp">
      <Filter>Source files\KapowSystems\Render</Filter>
    </ClCompile>
    <ClCompile Include="VertexBuffer.cpp">
      <Filter>Source files\KapowSystems\Render</Filter>
    </ClCompile>
    <ClCompile Include="IndexBuffer.cpp">
      <Filter>Source files\KapowSystems\Render</Filter>
    </ClCompile>
    <ClCompile Include="GfxInternal_OGL.cpp">
      <Filter>Source files\KapowSystems\Render</Filter>
    </ClCompile>
    <ClCompile Include="BaseAsset.cpp">
      <Filter>Source files\KapowSystems\System\Assets</Filter>
    </ClCompile>
    <ClCompile Include="TextureAsset.cpp">
      <Filter>Source files\KapowSystems\System\Assets</Filter>
    </ClCompile>
    <ClCompile Include="FontAsset.cpp">
      <Filter>Source files\KapowSystems\System\Assets</Filter>
    </ClCompile>
    <ClCompile Include="TextAsset.cpp">
      <Filter>Source files\KapowSystems\System\Assets</Filter>
    </ClCompile>
    <ClCompile Include="ModelAsset.cpp">
      <Filter>Source files\KapowSystems\System\Assets</Filter>
    </ClCompile>
    <ClCompile Include="FragmentAsset.cpp">
      <Filter>Source files\KapowSystems\System\Assets</Filter>
    </ClCompile>
    <ClCompile Include="MovieAsset.cpp">
      <Filter>Source files\KapowSystems\System\Assets</Filter>
    </ClCompile>
    <ClCompile Include="MeshColorAsset.cpp">
      <Filter>Source files\KapowSystems\System\Assets</Filter>
    </ClCompile>
    <ClCompile Include="AnimationAsset.cpp">
      <Filter>Source files\KapowSystems\System\Assets</Filter>
    </ClCompile>
    <ClCompile Include="CutsceneAsset.cpp">
      <Filter>Source files\KapowSystems\System\Assets</Filter>
    </ClCompile>
    <ClCompile Include="SoundAsset.cpp">
      <Filter>Source files\KapowSystems\System\Assets</Filter>
    </ClCompile>
    <ClCompile Include="StreamedSoundInfoAsset.cpp">
      <Filter>Source files\KapowSystems\System\Assets</Filter>
    </ClCompile>
    <ClCompile Include="MeshBuffer.cpp">
      <Filter>Source files\KapowSystems\Render</Filter>
    </ClCompile>
    <ClCompile Include="SkinnedMeshBuffer.cpp">
      <Filter>Source files\KapowSystems\Render</Filter>
    </ClCompile>
    <ClCompile Include="MutableTextureBuffer.cpp">
      <Filter>Source files\KapowSystems\Render</Filter>
    </ClCompile>
    <ClCompile Include="Mesh.cpp">
      <Filter>Source files\KapowSystems\Render</Filter>
    </ClCompile>
    <ClCompile Include="PhysSystem.cpp">
      <Filter>Source files\KapowSystems\Memory</Filter>
    </ClCompile>
    <ClCompile Include="Particle.cpp">
      <Filter>Source files\KapowSystems\Render</Filter>
    </ClCompile>
  </ItemGroup>
  <ItemGroup>
    <None Include="dinput_h.def">
      <Filter>Source files</Filter>
    </None>
  </ItemGroup>
  <ItemGroup>
    <Image Include="..\..\..\Program Files\Eidos\Total Overdose\engine.ico">
      <Filter>Resources\Icons</Filter>
    </Image>
    <Image Include="..\..\..\Program Files\Eidos\Total Overdose\debug.ico">
      <Filter>Resources\Icons</Filter>
    </Image>
    <Image Include="..\..\..\Program Files\Eidos\Total Overdose\retail.ico">
      <Filter>Resources\Icons</Filter>
    </Image>
  </ItemGroup>
  <ItemGroup>
    <ResourceCompile Include="TOD1.rc">
      <Filter>Resources</Filter>
    </ResourceCompile>
  </ItemGroup>
</Project>